
Microsoft Visual Studio Solution File, Format Version 12.00
# Visual Studio Version 17
VisualStudioVersion = 17.5.33530.505
MinimumVisualStudioVersion = 10.0.40219.1
Project("{FAE04EC0-301F-11D3-BF4B-00C04F79EFBC}") = "Vacation", "Vacation\Vacation.csproj", "{1DE9FDB9-8842-4F16-A1C3-B8CF071E260B}"
EndProject
Global
	GlobalSection(SolutionConfigurationPlatforms) = preSolution
		Debug|Any CPU = Debug|Any CPU
		Release|Any CPU = Release|Any CPU
	EndGlobalSection
	GlobalSection(ProjectConfigurationPlatforms) = postSolution
		{1DE9FDB9-8842-4F16-A1C3-B8CF071E260B}.Debug|Any CPU.ActiveCfg = Debug|Any CPU
		{1DE9FDB9-8842-4F16-A1C3-B8CF071E260B}.Debug|Any CPU.Build.0 = Debug|Any CPU
		{1DE9FDB9-8842-4F16-A1C3-B8CF071E260B}.Release|Any CPU.ActiveCfg = Release|Any CPU
		{1DE9FDB9-8842-4F16-A1C3-B8CF071E260B}.Release|Any CPU.Build.0 = Release|Any CPU
	EndGlobalSection
	GlobalSection(SolutionProperties) = preSolution
		HideSolutionNode = FALSE
	EndGlobalSection
	GlobalSection(ExtensibilityGlobals) = postSolution
		SolutionGuid = {FC1CDDE7-1BCD-4DB2-873B-1F575B26ABC9}
	EndGlobalSection
EndGlobal
